# Generated by conda-lock.
# platform: osx-64
# input_hash: 27489a59e63dfefe3eeb0e0b0f4475b0809a70ec9da7c3167592f75d05b60227
@EXPLICIT
https://conda.anaconda.org/conda-forge/osx-64/bzip2-1.0.8-h0d85af4_4.tar.bz2#37edc4e6304ca87316e160f5ca0bd1b5
https://conda.anaconda.org/conda-forge/osx-64/c-ares-1.18.1-h0d85af4_0.tar.bz2#00b3e98a61e6430808fe7a2534681f28
https://conda.anaconda.org/conda-forge/osx-64/ca-certificates-2022.5.18.1-h033912b_0.tar.bz2#8daebfd1f22a51afecb341604b86689c
https://conda.anaconda.org/conda-forge/osx-64/giflib-5.2.1-hbcb3906_2.tar.bz2#be8f747c37e4d7e346c133e641966750
https://conda.anaconda.org/conda-forge/osx-64/jbig-2.1-h0d85af4_2003.tar.bz2#4d76d11d3a256931926099498aa3565b
https://conda.anaconda.org/conda-forge/osx-64/jpeg-9e-h5eb16cf_1.tar.bz2#9d52137dd3f98b32dee941642901d08f
https://conda.anaconda.org/conda-forge/osx-64/jxrlib-1.1-h35c211d_2.tar.bz2#1c2379fd9d5d4ecb151231f6282e699d
https://conda.anaconda.org/conda-forge/osx-64/libbrotlicommon-1.0.9-h5eb16cf_7.tar.bz2#898a296a93b36e42a065963bb4504f2b
https://conda.anaconda.org/conda-forge/osx-64/libcxx-14.0.3-hc203e6f_0.tar.bz2#169cb4aae14ca89851deda1756b2ebf7
https://conda.anaconda.org/conda-forge/osx-64/libdeflate-1.10-h0d85af4_0.tar.bz2#98a4bf0073c56678453dd86845d3bcc9
https://conda.anaconda.org/conda-forge/osx-64/libev-4.33-haf1e3a3_1.tar.bz2#79dc2be110b2a3d1e97ec21f691c50ad
https://conda.anaconda.org/conda-forge/osx-64/libwebp-base-1.2.2-h0d85af4_1.tar.bz2#052369eda6e13f44b308407c99857f84
https://conda.anaconda.org/conda-forge/osx-64/libzlib-1.2.11-h6c3fc93_1014.tar.bz2#49f20ed86f7ed34204be74fbb2868c60
https://conda.anaconda.org/conda-forge/osx-64/llvm-openmp-14.0.3-ha654fa7_0.tar.bz2#321df8a58df1427266e9f9c18af3f7f5
https://conda.anaconda.org/conda-forge/osx-64/ncurses-6.3-h96cf925_1.tar.bz2#76217ebfbb163ff2770a261f955a5861
https://conda.anaconda.org/conda-forge/osx-64/pthread-stubs-0.4-hc929b4f_1001.tar.bz2#addd19059de62181cd11ae8f4ef26084
https://conda.anaconda.org/conda-forge/noarch/tzdata-2022a-h191b570_0.tar.bz2#84be5301069417a2221187d2f435e0f7
https://conda.anaconda.org/conda-forge/osx-64/xorg-libxau-1.0.9-h35c211d_0.tar.bz2#c5049997b2e98edfbcdd294582f66281
https://conda.anaconda.org/conda-forge/osx-64/xorg-libxdmcp-1.1.3-h35c211d_0.tar.bz2#86ac76d6bf1cbb9621943eb3bd9ae36e
https://conda.anaconda.org/conda-forge/osx-64/xz-5.2.5-haf1e3a3_1.tar.bz2#41116deb499e9bc58048c297d6403ce6
https://conda.anaconda.org/conda-forge/osx-64/yaml-0.2.5-h0d85af4_2.tar.bz2#d7e08fcf8259d742156188e8762b4d20
https://conda.anaconda.org/conda-forge/osx-64/zlib-ng-2.0.6-hac89ed1_0.tar.bz2#6ca831c54a587fd3cac94af8b78bd201
https://conda.anaconda.org/conda-forge/osx-64/aom-3.3.0-h96cf925_1.tar.bz2#c2b17d744b682c47ca06912a4a606a9a
https://conda.anaconda.org/conda-forge/osx-64/charls-2.3.4-he49afe7_0.tar.bz2#245b347ee9476f19b296b8dee1955a69
https://conda.anaconda.org/conda-forge/osx-64/lerc-3.0-he49afe7_0.tar.bz2#a1d21f85e4b0d5e27a88ecab5e3961da
https://conda.anaconda.org/conda-forge/osx-64/libaec-1.0.6-he49afe7_0.tar.bz2#0a49b696f11ed805ee4690479cc5e950
https://conda.anaconda.org/conda-forge/osx-64/libbrotlidec-1.0.9-h5eb16cf_7.tar.bz2#2f53da3dfe9d14ef4666ad2558df8615
https://conda.anaconda.org/conda-forge/osx-64/libbrotlienc-1.0.9-h5eb16cf_7.tar.bz2#16993c3cd38b5ad4980b0934ac308ef6
https://conda.anaconda.org/conda-forge/osx-64/libedit-3.1.20191231-h0678c8f_2.tar.bz2#6016a8a1d0e63cac3de2c352cd40208b
https://conda.anaconda.org/conda-forge/osx-64/libffi-3.3-h046ec9c_2.tar.bz2#c7a196accaf92d40985d5c9b4d14f9cb
https://conda.anaconda.org/conda-forge/osx-64/libgfortran5-9.3.0-h6c81a4c_23.tar.bz2#a6956ceb628b14594613cefee5127a7a
https://conda.anaconda.org/conda-forge/osx-64/libxcb-1.13-h0d85af4_1004.tar.bz2#eb7860935e14aec936065cbc21a1a962
https://conda.anaconda.org/conda-forge/osx-64/libzopfli-1.0.3-h046ec9c_0.tar.bz2#55f3f5c9bccca18d33cb3a4bcfe002d7
https://conda.anaconda.org/conda-forge/osx-64/lz4-c-1.9.3-he49afe7_1.tar.bz2#05c08241b66631c00ca4f9e0b75320bc
https://conda.anaconda.org/conda-forge/osx-64/openssl-1.1.1o-hfe4f2af_0.tar.bz2#655048e118f0b7029e5c216a1d7a6189
https://conda.anaconda.org/conda-forge/osx-64/readline-8.1-h05e3726_0.tar.bz2#2832e9b6a7caa7cb192fcda6cfcd8871
https://conda.anaconda.org/conda-forge/osx-64/snappy-1.1.9-h6e38e02_1.tar.bz2#ffa92d111ec90eec8ffc09220a9c5aba
https://conda.anaconda.org/conda-forge/osx-64/tk-8.6.12-h5dbffcc_0.tar.bz2#8e9480d9c47061db2ed1b4ecce519a7f
https://conda.anaconda.org/conda-forge/osx-64/zfp-0.5.5-h4a89273_8.tar.bz2#faa14d931b1e190945b8fdf18e0d0b97
https://conda.anaconda.org/conda-forge/osx-64/zlib-1.2.11-h6c3fc93_1014.tar.bz2#98b82f6a8de694bc6259f2d1a69bc02b
https://conda.anaconda.org/conda-forge/osx-64/brotli-bin-1.0.9-h5eb16cf_7.tar.bz2#6ae0a8419a03d0d9675f319bef66d3aa
https://conda.anaconda.org/conda-forge/osx-64/hdf4-4.2.15-hefd3b78_3.tar.bz2#07bbe01a1cabdb9ec0d35524e09f4db4
https://conda.anaconda.org/conda-forge/osx-64/krb5-1.19.3-hb49756b_0.tar.bz2#e60363be26ab2a74326c06195d638447
https://conda.anaconda.org/conda-forge/osx-64/libavif-0.10.1-h5eb16cf_0.tar.bz2#30e951f51719f018b481f5abffd8acf5
https://conda.anaconda.org/conda-forge/osx-64/libgfortran-5.0.0-9_3_0_h6c81a4c_23.tar.bz2#60f48cef2d50674e0428c5579b6c3f66
https://conda.anaconda.org/conda-forge/osx-64/libnghttp2-1.47.0-h942079c_0.tar.bz2#86fc370e607a269b64ac6fa5d29e55e8
https://conda.anaconda.org/conda-forge/osx-64/libpng-1.6.37-h7cec526_2.tar.bz2#9e52521faba2b53269672628d34e1513
https://conda.anaconda.org/conda-forge/osx-64/libssh2-1.10.0-h52ee1ee_2.tar.bz2#8c8f3804e8e252b47443cfe8e40eddf9
https://conda.anaconda.org/conda-forge/osx-64/libzip-1.8.0-h8b0c345_1.tar.bz2#1ff78fbf800b6b86b09ef7d7e3b1f94e
https://conda.anaconda.org/conda-forge/osx-64/sqlite-3.38.5-hd9f0692_0.tar.bz2#258c39c5e2eff8b8b29d1a027e4e1b5a
https://conda.anaconda.org/conda-forge/osx-64/zstd-1.5.2-ha9df2e0_1.tar.bz2#8817fcb007cba0011181150378f6baf0
https://conda.anaconda.org/conda-forge/osx-64/blosc-1.21.1-h97e831e_3.tar.bz2#c7bcd688fb5236757648a8b85b8fb7f0
https://conda.anaconda.org/conda-forge/osx-64/brotli-1.0.9-h5eb16cf_7.tar.bz2#d3320319f06d6adb52ed01e1839475a1
https://conda.anaconda.org/conda-forge/osx-64/c-blosc2-2.1.1-h2699725_2.tar.bz2#5c2647d066ae1a32a743088c2bb1b513
https://conda.anaconda.org/conda-forge/osx-64/freetype-2.10.4-h4cff582_1.tar.bz2#5a136a432c6062362cd7990c514bd8d6
https://conda.anaconda.org/conda-forge/osx-64/libcurl-7.83.1-h372c54d_0.tar.bz2#393526f4c307ded911957e3723e34bed
https://conda.anaconda.org/conda-forge/osx-64/libopenblas-0.3.20-openmp_hb3cd9ec_0.tar.bz2#d862e4a5c6e7bf0bc9d66a38f5c73142
https://conda.anaconda.org/conda-forge/osx-64/libtiff-4.3.0-h17f2ce3_3.tar.bz2#8a2611163920a17b13a1325bb70d7293
https://conda.anaconda.org/conda-forge/osx-64/python-3.9.0-h4f09611_5_cpython.tar.bz2#5223fbb1e0ce43ad372c27b03e0bf6a7
https://conda.anaconda.org/conda-forge/noarch/appdirs-1.4.4-pyh9f0ad1d_0.tar.bz2#5f095bc6454094e96f146491fd03633b
https://conda.anaconda.org/conda-forge/noarch/asciitree-0.3.3-py_2.tar.bz2#c0481c9de49f040272556e2cedf42816
https://conda.anaconda.org/conda-forge/noarch/attrs-21.4.0-pyhd8ed1ab_0.tar.bz2#f70280205d7044c8b8358c8de3190e5d
https://conda.anaconda.org/conda-forge/osx-64/brunsli-0.1-h046ec9c_0.tar.bz2#28d47920c95b85499c9a61994cc49b87
https://conda.anaconda.org/conda-forge/osx-64/cfitsio-4.1.0-h2c97ad1_0.tar.bz2#f2108cb086dfd037a6709b011564860d
https://conda.anaconda.org/conda-forge/noarch/charset-normalizer-2.0.12-pyhd8ed1ab_0.tar.bz2#1f5b32dabae0f1893ae3283dac7f799e
https://conda.anaconda.org/conda-forge/noarch/cloudpickle-2.1.0-pyhd8ed1ab_0.tar.bz2#f7551a8a008dfad2b7ac9662dd124614
https://conda.anaconda.org/conda-forge/noarch/colorama-0.4.4-pyh9f0ad1d_0.tar.bz2#c08b4c1326b880ed44f3ffb04803332f
https://conda.anaconda.org/conda-forge/osx-64/curl-7.83.1-h372c54d_0.tar.bz2#751e7246045a30deda6aa999c16f6cd4
https://conda.anaconda.org/conda-forge/noarch/cycler-0.11.0-pyhd8ed1ab_0.tar.bz2#a50559fad0affdbb33729a68669ca1cb
https://conda.anaconda.org/conda-forge/noarch/entrypoints-0.4-pyhd8ed1ab_0.tar.bz2#3cf04868fee0a029769bd41f4b2fbf2d
https://conda.anaconda.org/conda-forge/noarch/fasteners-0.17.3-pyhd8ed1ab_0.tar.bz2#348e27e78a5e39090031448c72f66d5e
https://conda.anaconda.org/conda-forge/noarch/fsspec-2022.5.0-pyhd8ed1ab_0.tar.bz2#db4ffc615663c66a9cc0869ce4d1092b
https://conda.anaconda.org/conda-forge/osx-64/hdf5-1.12.1-nompi_ha60fbc9_104.tar.bz2#5e6d162483efc7f2f2be1dddfed954f4
https://conda.anaconda.org/conda-forge/noarch/heapdict-1.0.1-py_0.tar.bz2#77242bfb1e74a627fb06319b5a2d3b95
https://conda.anaconda.org/conda-forge/noarch/idna-3.3-pyhd8ed1ab_0.tar.bz2#40b50b8b030f5f2f22085c062ed013dd
https://conda.anaconda.org/conda-forge/osx-64/lcms2-2.12-h577c468_0.tar.bz2#abce77b852b73670e85e104746b0ea1b
https://conda.anaconda.org/conda-forge/osx-64/libblas-3.9.0-14_osx64_openblas.tar.bz2#7440571e6f75b795ebc25a71429ca99d
https://conda.anaconda.org/conda-forge/osx-64/libwebp-1.2.2-h28dabe5_0.tar.bz2#6aa31e81854e3172dae89300ae9a5444
https://conda.anaconda.org/conda-forge/noarch/locket-1.0.0-pyhd8ed1ab_0.tar.bz2#91e27ef3d05cc772ce627e51cff111c4
https://conda.anaconda.org/conda-forge/noarch/munkres-1.1.4-pyh9f0ad1d_0.tar.bz2#2ba8498c1018c1e9c61eb99b973dfe19
https://conda.anaconda.org/conda-forge/noarch/networkx-2.8.1-pyhd8ed1ab_0.tar.bz2#e4a2923d333422f20139cafbbf6b2194
https://conda.anaconda.org/conda-forge/osx-64/openjpeg-2.4.0-h6e7aa92_1.tar.bz2#c8cbb6d99f6467246ac26a139256e50f
https://conda.anaconda.org/conda-forge/noarch/param-1.12.1-pyh6c4a22f_0.tar.bz2#f6f79bbc393d6ad45dd3572029e1e014
https://conda.anaconda.org/conda-forge/noarch/pycparser-2.21-pyhd8ed1ab_0.tar.bz2#076becd9e05608f8dc72757d5f3a91ff
https://conda.anaconda.org/conda-forge/noarch/pyparsing-3.0.9-pyhd8ed1ab_0.tar.bz2#e8fbc1b54b25f4b08281467bc13b70cc
https://conda.anaconda.org/conda-forge/osx-64/python_abi-3.9-2_cp39.tar.bz2#262f557ee8ca777fe2190956038024cd
https://conda.anaconda.org/conda-forge/noarch/pytz-2022.1-pyhd8ed1ab_0.tar.bz2#b87d66d6d3991d988fb31510c95a9267
https://conda.anaconda.org/conda-forge/noarch/six-1.16.0-pyh6c4a22f_0.tar.bz2#e5f25f8dbc060e9a8d912e432202afc2
https://conda.anaconda.org/conda-forge/noarch/sortedcontainers-2.4.0-pyhd8ed1ab_0.tar.bz2#6d6552722448103793743dabfbda532d
https://conda.anaconda.org/conda-forge/noarch/tblib-1.7.0-pyhd8ed1ab_0.tar.bz2#3d4afc31302aa7be471feb6be048ed76
https://conda.anaconda.org/conda-forge/noarch/toolz-0.11.2-pyhd8ed1ab_0.tar.bz2#f348d1590550371edfac5ed3c1d44f7e
https://conda.anaconda.org/conda-forge/noarch/typing_extensions-4.2.0-pyha770c72_1.tar.bz2#f0f7e024f94e23d3bfee0ab777bf335a
https://conda.anaconda.org/conda-forge/noarch/webencodings-0.5.1-py_1.tar.bz2#3563be4c5611a44210d9ba0c16113136
https://conda.anaconda.org/conda-forge/noarch/zipp-3.8.0-pyhd8ed1ab_0.tar.bz2#050b94cf4a8c760656e51d2d44e4632c
https://conda.anaconda.org/conda-forge/osx-64/certifi-2022.5.18.1-py39h6e9494a_0.tar.bz2#3b3d24d5886580552afa9e4ec9a78d2c
https://conda.anaconda.org/conda-forge/osx-64/cffi-1.14.6-py39hb71fe58_0.tar.bz2#95812f42e02f34b69fef112a6111058e
https://conda.anaconda.org/conda-forge/osx-64/click-8.1.3-py39h6e9494a_0.tar.bz2#c33ff559cea7a89797decd6db3716b77
https://conda.anaconda.org/conda-forge/osx-64/cytoolz-0.11.2-py39h63b48b0_2.tar.bz2#5455fcd5b92d313e60d6ece3170c1ca1
https://conda.anaconda.org/conda-forge/osx-64/frozenlist-1.3.0-py39h63b48b0_1.tar.bz2#d7ead1c9066006cf66b7ecf09d2f2083
https://conda.anaconda.org/conda-forge/osx-64/importlib-metadata-4.11.3-py39h6e9494a_1.tar.bz2#9795d43694c096de21d356d286e34320
https://conda.anaconda.org/conda-forge/osx-64/kiwisolver-1.4.2-py39h7248d28_1.tar.bz2#c3fbe4ffe5521b307d1db243a8018394
https://conda.anaconda.org/conda-forge/osx-64/libcblas-3.9.0-14_osx64_openblas.tar.bz2#09a2b714708e1c4320266fb878c54a3c
https://conda.anaconda.org/conda-forge/osx-64/liblapack-3.9.0-14_osx64_openblas.tar.bz2#154dd37ef8a9c421bee629d030550a30
https://conda.anaconda.org/conda-forge/osx-64/libnetcdf-4.8.1-nompi_h6609ca0_102.tar.bz2#dbe48fe1abd40239cdf759037f5c8abd
https://conda.anaconda.org/conda-forge/osx-64/lz4-4.0.0-py39h263ca4c_2.tar.bz2#e2b5751bf1c0ca6f1a267cb78829ea47
https://conda.anaconda.org/conda-forge/osx-64/markupsafe-2.1.1-py39h63b48b0_1.tar.bz2#478672fe1f0c0fafc4e99152cd7e33fe
https://conda.anaconda.org/conda-forge/osx-64/msgpack-python-1.0.3-py39h7248d28_1.tar.bz2#d1f902b64e344a541dd2ecb6db544175
https://conda.anaconda.org/conda-forge/osx-64/multidict-6.0.2-py39h63b48b0_1.tar.bz2#f75d2622c37e019fadb90e1cc0eb1d41
https://conda.anaconda.org/conda-forge/noarch/packaging-21.3-pyhd8ed1ab_0.tar.bz2#71f1ab2de48613876becddd496371c85
https://conda.anaconda.org/conda-forge/noarch/partd-1.2.0-pyhd8ed1ab_0.tar.bz2#0c32f563d7f22e3a34c95cad8cc95651
https://conda.anaconda.org/conda-forge/osx-64/pillow-9.1.1-py39h579eac4_0.tar.bz2#a73b1c42839a188918274d34396880a6
https://conda.anaconda.org/conda-forge/osx-64/psutil-5.9.0-py39h63b48b0_1.tar.bz2#7b458eead81bae468eb2f5c4a1d7c141
https://conda.anaconda.org/conda-forge/noarch/pyct-core-0.4.6-py_0.tar.bz2#55ec526f95e0959de3f68bc6289a20da
https://conda.anaconda.org/conda-forge/osx-64/pysocks-1.7.1-py39h6e9494a_5.tar.bz2#e6845a71941ffc957c9e4ac0c4c88edd
https://conda.anaconda.org/conda-forge/noarch/python-dateutil-2.8.2-pyhd8ed1ab_0.tar.bz2#dd999d1cc9f79e67dbb855c8924c7984
https://conda.anaconda.org/conda-forge/noarch/pyviz_comms-2.2.0-pyhd8ed1ab_0.tar.bz2#297e97928fea27acb7710c2e4de99738
https://conda.anaconda.org/conda-forge/osx-64/pyyaml-6.0-py39h63b48b0_4.tar.bz2#d7aa7f40b99d7bc9e06b20a613d6a7b0
https://conda.anaconda.org/conda-forge/osx-64/setuptools-62.3.2-py39h6e9494a_0.tar.bz2#6b89855ce63262873f1e7cc9eb4c346e
https://conda.anaconda.org/conda-forge/osx-64/tornado-6.1-py39h63b48b0_3.tar.bz2#82c1e73cdc3ae881ef28d56a3a58225c
https://conda.anaconda.org/conda-forge/noarch/tqdm-4.64.0-pyhd8ed1ab_0.tar.bz2#6642233f341e1900d0c8e6eddb979c14
https://conda.anaconda.org/conda-forge/noarch/typing-extensions-4.2.0-hd8ed1ab_1.tar.bz2#6d9d7480c5780514779967be2ee8b963
https://conda.anaconda.org/conda-forge/osx-64/unicodedata2-14.0.0-py39h63b48b0_1.tar.bz2#19c1ac41e067315d023bed42e214c8ea
https://conda.anaconda.org/conda-forge/noarch/zict-2.2.0-pyhd8ed1ab_0.tar.bz2#cd563d01df94e51f968645dbf3b310b0
https://conda.anaconda.org/conda-forge/noarch/aiosignal-1.2.0-pyhd8ed1ab_0.tar.bz2#68c9a0ab410c72abd24cbaac57703519
https://conda.anaconda.org/conda-forge/noarch/async-timeout-4.0.2-pyhd8ed1ab_0.tar.bz2#25e79f9a1133556671becbd65a170c78
https://conda.anaconda.org/conda-forge/noarch/bleach-5.0.0-pyhd8ed1ab_0.tar.bz2#2a2ae7c56b8f72caba261363407b484a
https://conda.anaconda.org/conda-forge/osx-64/brotlipy-0.7.0-py39h63b48b0_1004.tar.bz2#7b42f41f7606f46a6b00ff4ac3c71b76
https://conda.anaconda.org/conda-forge/osx-64/cryptography-37.0.2-py39h9c2a9ce_0.tar.bz2#4497586ee7eb0ec8895f5a5e0f55e2bc
https://conda.anaconda.org/conda-forge/noarch/dask-core-2022.5.0-pyhd8ed1ab_0.tar.bz2#3aef8ad6f9af56117e959a53cb9b9fd1
https://conda.anaconda.org/conda-forge/osx-64/fonttools-4.33.3-py39h701faf5_0.tar.bz2#818f1df4e5a0e9236b367d3506debef2
https://conda.anaconda.org/conda-forge/noarch/importlib_metadata-4.11.3-hd8ed1ab_1.tar.bz2#bd6b6ae37c03e68061574d5e32fe5bd1
https://conda.anaconda.org/conda-forge/noarch/jinja2-3.1.2-pyhd8ed1ab_0.tar.bz2#2d307d13155817b5f5da36cc69358fe6
https://conda.anaconda.org/conda-forge/noarch/markdown-3.3.7-pyhd8ed1ab_0.tar.bz2#0a0bed31742342688a8570b3b8a50f36
https://conda.anaconda.org/conda-forge/osx-64/numpy-1.22.3-py39h214027c_2.tar.bz2#1188d955cb2a6808aac16a3d6de99c8f
https://conda.anaconda.org/conda-forge/osx-64/yarl-1.7.2-py39h63b48b0_2.tar.bz2#1da5e58986c21e76e56c97d2376939f6
https://conda.anaconda.org/conda-forge/osx-64/aiohttp-3.8.1-py39h63b48b0_1.tar.bz2#82b34392a09bf1187350e334f9341d70
https://conda.anaconda.org/conda-forge/osx-64/bokeh-2.4.3-py39h6e9494a_0.tar.bz2#3f941b07d6d1fd04f9048f3bc2537d3f
https://conda.anaconda.org/conda-forge/osx-64/cftime-1.6.0-py39h86b5767_1.tar.bz2#ef98d924c25987388858e12f75786d3a
https://conda.anaconda.org/conda-forge/osx-64/imagecodecs-2022.2.22-py39hb99e1c7_5.tar.bz2#e887e7a764991f5182df49bd6ed54f3b
https://conda.anaconda.org/conda-forge/noarch/imageio-2.19.2-pyhcf75d05_0.tar.bz2#91806152074cba0105cf95350581376c
https://conda.anaconda.org/conda-forge/osx-64/matplotlib-base-3.5.2-py39h64a0072_0.tar.bz2#58b54971c408f8c359112350923365e1
https://conda.anaconda.org/conda-forge/osx-64/numcodecs-0.9.1-py39h9fcab8e_2.tar.bz2#81fd2adf60d877ffdbed94960aff2aab
https://conda.anaconda.org/conda-forge/osx-64/pandas-1.4.2-py39hbd61c47_1.tar.bz2#774ebb7e6c43776b8927eb043bb46577
https://conda.anaconda.org/conda-forge/noarch/pyopenssl-22.0.0-pyhd8ed1ab_0.tar.bz2#1d7e241dfaf5475e893d4b824bb71b44
https://conda.anaconda.org/conda-forge/osx-64/pywavelets-1.3.0-py39h86b5767_1.tar.bz2#b0161e309aed1704c44183b75915b5fd
https://conda.anaconda.org/conda-forge/osx-64/scipy-1.8.1-py39hfa1a3ab_0.tar.bz2#fbcd7b00614ac947938539678b036cf4
https://conda.anaconda.org/conda-forge/osx-64/netcdf4-1.5.8-nompi_py39he7d1c46_101.tar.bz2#5282a7de059e9813204f09863ae0a2c7
https://conda.anaconda.org/conda-forge/noarch/tifffile-2022.5.4-pyhd8ed1ab_0.tar.bz2#8c8c68b9d466b8804584abe11a75c396
https://conda.anaconda.org/conda-forge/noarch/urllib3-1.26.9-pyhd8ed1ab_0.tar.bz2#0ea179ee251aa7100807c35bc0252693
https://conda.anaconda.org/conda-forge/noarch/xarray-2022.3.0-pyhd8ed1ab_0.tar.bz2#46e2d57d8ddb0ddef0f3abd516d7e99a
https://conda.anaconda.org/conda-forge/noarch/zarr-2.11.3-pyhd8ed1ab_0.tar.bz2#4a66c633e7ada2550ad2a590a6189d05
https://conda.anaconda.org/conda-forge/noarch/distributed-2022.5.0-pyhd8ed1ab_0.tar.bz2#b840d31080d26fe1f1225edfd3eb7c05
https://conda.anaconda.org/conda-forge/noarch/requests-2.27.1-pyhd8ed1ab_0.tar.bz2#7c1c427246b057b8fa97200ecdb2ed62
https://conda.anaconda.org/conda-forge/osx-64/scikit-image-0.19.2-py39h4d6be9b_0.tar.bz2#3256825137749f1909367753b88aab87
https://conda.anaconda.org/conda-forge/noarch/dask-2022.5.0-pyhd8ed1ab_0.tar.bz2#4631f8090bca5eb85dbe2bb9919db226
https://conda.anaconda.org/conda-forge/noarch/pooch-1.6.0-pyhd8ed1ab_0.tar.bz2#6429e1d1091c51f626b5dcfdd38bf429
https://conda.anaconda.org/conda-forge/noarch/pyct-0.4.6-py_0.tar.bz2#42d91c89bc3993ec88681cffd3c0e326
https://conda.anaconda.org/conda-forge/noarch/colorcet-3.0.0-pyhd8ed1ab_0.tar.bz2#a0e9e38c882d910825389de5371c5429
https://conda.anaconda.org/conda-forge/noarch/intake-0.6.5-pyhd8ed1ab_0.tar.bz2#9b4be120fd2545abd086bfefda0fa0f6
https://conda.anaconda.org/conda-forge/noarch/panel-0.13.0-pyhd8ed1ab_1.tar.bz2#7b80a850ca38c7e173473ed0520e2de7
https://conda.anaconda.org/conda-forge/noarch/holoviews-1.14.9-pyhd8ed1ab_0.tar.bz2#b1e973a87848f08639dda87b30f5ea8b
https://conda.anaconda.org/conda-forge/noarch/intake-xarray-0.6.0-pyhd8ed1ab_0.tar.bz2#3d2127b3aaa9193215c87ab9d92f6af0
https://conda.anaconda.org/conda-forge/noarch/hvplot-0.8.0-pyh6c4a22f_0.tar.bz2#c6159fad933613355c38a8549b22bdf7
